
Microsoft Visual Studio Solution File, Format Version 12.00
# Visual Studio Version 16
VisualStudioVersion = 16.0.30309.148
MinimumVisualStudioVersion = 10.0.40219.1
Project("{FAE04EC0-301F-11D3-BF4B-00C04F79EFBC}") = "Krystek_Lab_10_4", "Krystek_Lab_10_4.csproj", "{AAC64670-9F72-4A6D-AC71-D10696B1DB8C}"
EndProject
Global
	GlobalSection(SolutionConfigurationPlatforms) = preSolution
		Debug|Any CPU = Debug|Any CPU
		Release|Any CPU = Release|Any CPU
	EndGlobalSection
	GlobalSection(ProjectConfigurationPlatforms) = postSolution
		{AAC64670-9F72-4A6D-AC71-D10696B1DB8C}.Debug|Any CPU.ActiveCfg = Debug|Any CPU
		{AAC64670-9F72-4A6D-AC71-D10696B1DB8C}.Debug|Any CPU.Build.0 = Debug|Any CPU
		{AAC64670-9F72-4A6D-AC71-D10696B1DB8C}.Release|Any CPU.ActiveCfg = Release|Any CPU
		{AAC64670-9F72-4A6D-AC71-D10696B1DB8C}.Release|Any CPU.Build.0 = Release|Any CPU
	EndGlobalSection
	GlobalSection(SolutionProperties) = preSolution
		HideSolutionNode = FALSE
	EndGlobalSection
	GlobalSection(ExtensibilityGlobals) = postSolution
		SolutionGuid = {E3CC7B55-9A41-458A-B3E5-90F1D4B254D7}
	EndGlobalSection
EndGlobal
